<?xml version="1.0" encoding="utf-8"?>
<Project ToolsVersion="4.0" xmlns="http://schemas.microsoft.com/developer/msbuild/2003">
  <ItemGroup>
    <Filter Include="Source Files">
      <UniqueIdentifier>{4FC737F1-C7A5-4376-A066-2A32D752A2FF}</UniqueIdentifier>
      <Extensions>cpp;c;cc;cxx;c++;cppm;ixx;def;odl;idl;hpj;bat;asm;asmx</Extensions>
    </Filter>
    <Filter Include="Header Files">
      <UniqueIdentifier>{93995380-89BD-4b04-88EB-625FBE52EBFB}</UniqueIdentifier>
      <Extensions>h;hh;hpp;hxx;h++;hm;inl;inc;ipp;xsd</Extensions>
    </Filter>
    <Filter Include="Resource Files">
      <UniqueIdentifier>{67DA6AB6-F800-4c08-8B7A-83BB121AAD01}</UniqueIdentifier>
      <Extensions>rc;ico;cur;bmp;dlg;rc2;rct;bin;rgs;gif;jpg;jpeg;jpe;resx;tiff;tif;png;wav;mfcribbon-ms</Extensions>
    </Filter>
    <Filter Include="Shader">
      <UniqueIdentifier>{35e2eb89-6fff-48f1-abdf-50b89e550c4f}</UniqueIdentifier>
    </Filter>
    <Filter Include="DirectXTK">
      <UniqueIdentifier>{5d0c23d2-0953-4388-bd20-63101e16b08c}</UniqueIdentifier>
    </Filter>
    <Filter Include="DirectXTK\Inc">
      <UniqueIdentifier>{f06d9fd3-7787-4b30-a66b-ac73c1ee2c94}</UniqueIdentifier>
    </Filter>
    <Filter Include="DirectXTK\Src">
      <UniqueIdentifier>{1ca1a8d5-964f-40d4-86e7-1a453106d449}</UniqueIdentifier>
    </Filter>
    <Filter Include="ImGui">
      <UniqueIdentifier>{62b05657-7727-4e7d-b176-7527715fda90}</UniqueIdentifier>
    </Filter>
    <Filter Include="ImGui\Inc">
      <UniqueIdentifier>{ac5f48a8-7803-4c35-a327-32e79c363c97}</UniqueIdentifier>
    </Filter>
    <Filter Include="ImGui\Inc\Backends">
      <UniqueIdentifier>{23d0282b-ef4d-412b-adc6-cf0ff89b74af}</UniqueIdentifier>
    </Filter>
    <Filter Include="ImGui\Src">
      <UniqueIdentifier>{64247c31-c305-4fe4-a444-29b97289010c}</UniqueIdentifier>
    </Filter>
    <Filter Include="ImGui\Src\Backends">
      <UniqueIdentifier>{61ed30cd-4367-471d-b157-8ede30ec41b1}</UniqueIdentifier>
    </Filter>
  </ItemGroup>
  <ItemGroup>
    <ClInclude Include="DebugHelper.h">
      <Filter>Header Files</Filter>
    </ClInclude>
    <ClInclude Include="ComHelper.h">
      <Filter>Header Files</Filter>
    </ClInclude>
    <ClInclude Include="ThirdParty\DirectXTK\Inc\DDS.h">
      <Filter>DirectXTK\Inc</Filter>
    </ClInclude>
    <ClInclude Include="ThirdParty\DirectXTK\Inc\DDSTextureLoader.h">
      <Filter>DirectXTK\Inc</Filter>
    </ClInclude>
    <ClInclude Include="ThirdParty\DirectXTK\Inc\DirectXHelpers.h">
      <Filter>DirectXTK\Inc</Filter>
    </ClInclude>
    <ClInclude Include="ThirdParty\DirectXTK\Inc\LoaderHelpers.h">
      <Filter>DirectXTK\Inc</Filter>
    </ClInclude>
    <ClInclude Include="ThirdParty\DirectXTK\Inc\pch.h">
      <Filter>DirectXTK\Inc</Filter>
    </ClInclude>
    <ClInclude Include="ThirdParty\DirectXTK\Inc\PlatformHelpers.h">
      <Filter>DirectXTK\Inc</Filter>
    </ClInclude>
    <ClInclude Include="ThirdParty\DirectXTK\Inc\SimpleMath.h">
      <Filter>DirectXTK\Inc</Filter>
    </ClInclude>
    <ClInclude Include="ThirdParty\DirectXTK\Inc\WICTextureLoader.h">
      <Filter>DirectXTK\Inc</Filter>
    </ClInclude>
    <ClInclude Include="ThirdParty\ImGui\Inc\imconfig.h">
      <Filter>ImGui\Inc</Filter>
    </ClInclude>
    <ClInclude Include="ThirdParty\ImGui\Inc\imgui.h">
      <Filter>ImGui\Inc</Filter>
    </ClInclude>
    <ClInclude Include="ThirdParty\ImGui\Inc\imgui_internal.h">
      <Filter>ImGui\Inc</Filter>
    </ClInclude>
    <ClInclude Include="ThirdParty\ImGui\Inc\imstb_rectpack.h">
      <Filter>ImGui\Inc</Filter>
    </ClInclude>
    <ClInclude Include="ThirdParty\ImGui\Inc\imstb_textedit.h">
      <Filter>ImGui\Inc</Filter>
    </ClInclude>
    <ClInclude Include="ThirdParty\ImGui\Inc\imstb_truetype.h">
      <Filter>ImGui\Inc</Filter>
    </ClInclude>
    <ClInclude Include="ThirdParty\ImGui\Inc\Backends\imgui_impl_dx11.h">
      <Filter>ImGui\Inc\Backends</Filter>
    </ClInclude>
    <ClInclude Include="ThirdParty\ImGui\Inc\Backends\imgui_impl_win32.h">
      <Filter>ImGui\Inc\Backends</Filter>
    </ClInclude>
    <ClInclude Include="GameCore.h">
      <Filter>Header Files</Filter>
    </ClInclude>
    <ClInclude Include="Actor.h">
      <Filter>Header Files</Filter>
    </ClInclude>
    <ClInclude Include="Renderer.h">
      <Filter>Header Files</Filter>
    </ClInclude>
    <ClInclude Include="Vertex.h">
      <Filter>Header Files</Filter>
    </ClInclude>
    <ClInclude Include="Mesh.h">
      <Filter>Header Files</Filter>
    </ClInclude>
    <ClInclude Include="Material.h">
      <Filter>Header Files</Filter>
    </ClInclude>
    <ClInclude Include="IUIDrawable.h">
      <Filter>Header Files</Filter>
    </ClInclude>
    <ClInclude Include="Component.h">
      <Filter>Header Files</Filter>
    </ClInclude>
    <ClInclude Include="MeshComponent.h">
      <Filter>Header Files</Filter>
    </ClInclude>
    <ClInclude Include="ETypeForRenderer.h">
      <Filter>Header Files</Filter>
    </ClInclude>
    <ClInclude Include="StringHelper.h">
      <Filter>Header Files</Filter>
    </ClInclude>
    <ClInclude Include="CameraComponent.h">
      <Filter>Header Files</Filter>
    </ClInclude>
  </ItemGroup>
  <ItemGroup>
    <ClCompile Include="Main.cpp">
      <Filter>Source Files</Filter>
    </ClCompile>
    <ClCompile Include="DebugHelper.cpp">
      <Filter>Source Files</Filter>
    </ClCompile>
    <ClCompile Include="ThirdParty\DirectXTK\Src\DDSTextureLoader.cpp">
      <Filter>DirectXTK\Src</Filter>
    </ClCompile>
    <ClCompile Include="ThirdParty\DirectXTK\Src\SimpleMath.cpp">
      <Filter>DirectXTK\Src</Filter>
    </ClCompile>
    <ClCompile Include="ThirdParty\DirectXTK\Src\WICTextureLoader.cpp">
      <Filter>DirectXTK\Src</Filter>
    </ClCompile>
    <ClCompile Include="ThirdParty\ImGui\Src\imgui.cpp">
      <Filter>ImGui\Src</Filter>
    </ClCompile>
    <ClCompile Include="ThirdParty\ImGui\Src\imgui_demo.cpp">
      <Filter>ImGui\Src</Filter>
    </ClCompile>
    <ClCompile Include="ThirdParty\ImGui\Src\imgui_draw.cpp">
      <Filter>ImGui\Src</Filter>
    </ClCompile>
    <ClCompile Include="ThirdParty\ImGui\Src\imgui_tables.cpp">
      <Filter>ImGui\Src</Filter>
    </ClCompile>
    <ClCompile Include="ThirdParty\ImGui\Src\imgui_widgets.cpp">
      <Filter>ImGui\Src</Filter>
    </ClCompile>
    <ClCompile Include="ThirdParty\ImGui\Src\Backends\imgui_impl_dx11.cpp">
      <Filter>ImGui\Src\Backends</Filter>
    </ClCompile>
    <ClCompile Include="ThirdParty\ImGui\Src\Backends\imgui_impl_win32.cpp">
      <Filter>ImGui\Src\Backends</Filter>
    </ClCompile>
    <ClCompile Include="GameCore.cpp">
      <Filter>Source Files</Filter>
    </ClCompile>
    <ClCompile Include="Renderer.cpp">
      <Filter>Source Files</Filter>
    </ClCompile>
    <ClCompile Include="Actor.cpp">
      <Filter>Source Files</Filter>
    </ClCompile>
    <ClCompile Include="Mesh.cpp">
      <Filter>Source Files</Filter>
    </ClCompile>
    <ClCompile Include="Material.cpp">
      <Filter>Source Files</Filter>
    </ClCompile>
    <ClCompile Include="Component.cpp">
      <Filter>Source Files</Filter>
    </ClCompile>
    <ClCompile Include="MeshComponent.cpp">
      <Filter>Source Files</Filter>
    </ClCompile>
    <ClCompile Include="CameraComponent.cpp">
      <Filter>Source Files</Filter>
    </ClCompile>
  </ItemGroup>
  <ItemGroup>
    <None Include="Basic.hlsli">
      <Filter>Shader</Filter>
    </None>
    <None Include="ThirdParty\DirectXTK\Inc\SimpleMath.inl">
      <Filter>DirectXTK\Inc</Filter>
    </None>
    <None Include="ThirdParty\ImGui\Inc\imgui.natstepfilter">
      <Filter>ImGui\Inc</Filter>
    </None>
  </ItemGroup>
  <ItemGroup>
    <FxCompile Include="VSBasic.hlsl">
      <Filter>Shader</Filter>
    </FxCompile>
    <FxCompile Include="PSBasic.hlsl">
      <Filter>Shader</Filter>
    </FxCompile>
  </ItemGroup>
  <ItemGroup>
    <Natvis Include="ThirdParty\ImGui\Inc\imgui.natvis">
      <Filter>ImGui\Inc</Filter>
    </Natvis>
  </ItemGroup>
</Project>