<?xml version="1.0" encoding="utf-8"?>
<Project ToolsVersion="4.0" xmlns="http://schemas.microsoft.com/developer/msbuild/2003">
  <ItemGroup>
    <Filter Include="Header Files">
      <UniqueIdentifier>{93995380-89BD-4b04-88EB-625FBE52EBFB}</UniqueIdentifier>
      <Extensions>h;hh;hpp;hxx;h++;hm;inl;inc;ipp;xsd</Extensions>
    </Filter>
    <Filter Include="Resource Files">
      <UniqueIdentifier>{67DA6AB6-F800-4c08-8B7A-83BB121AAD01}</UniqueIdentifier>
      <Extensions>rc;ico;cur;bmp;dlg;rc2;rct;bin;rgs;gif;jpg;jpeg;jpe;resx;tiff;tif;png;wav;mfcribbon-ms</Extensions>
    </Filter>
    <Filter Include="DirectXTK">
      <UniqueIdentifier>{5d0c23d2-0953-4388-bd20-63101e16b08c}</UniqueIdentifier>
    </Filter>
    <Filter Include="DirectXTK\Inc">
      <UniqueIdentifier>{f06d9fd3-7787-4b30-a66b-ac73c1ee2c94}</UniqueIdentifier>
    </Filter>
    <Filter Include="DirectXTK\Src">
      <UniqueIdentifier>{1ca1a8d5-964f-40d4-86e7-1a453106d449}</UniqueIdentifier>
    </Filter>
    <Filter Include="ImGui">
      <UniqueIdentifier>{62b05657-7727-4e7d-b176-7527715fda90}</UniqueIdentifier>
    </Filter>
    <Filter Include="ImGui\Inc">
      <UniqueIdentifier>{ac5f48a8-7803-4c35-a327-32e79c363c97}</UniqueIdentifier>
    </Filter>
    <Filter Include="ImGui\Inc\Backends">
      <UniqueIdentifier>{23d0282b-ef4d-412b-adc6-cf0ff89b74af}</UniqueIdentifier>
    </Filter>
    <Filter Include="ImGui\Src">
      <UniqueIdentifier>{64247c31-c305-4fe4-a444-29b97289010c}</UniqueIdentifier>
    </Filter>
    <Filter Include="ImGui\Src\Backends">
      <UniqueIdentifier>{61ed30cd-4367-471d-b157-8ede30ec41b1}</UniqueIdentifier>
    </Filter>
    <Filter Include="Component">
      <UniqueIdentifier>{ada87fb1-6d81-410b-9a53-6f1ac8d1905e}</UniqueIdentifier>
    </Filter>
    <Filter Include="Renderer">
      <UniqueIdentifier>{04f5b0ea-a9b9-41fb-adea-fa64c4da6523}</UniqueIdentifier>
    </Filter>
    <Filter Include="Main">
      <UniqueIdentifier>{4FC737F1-C7A5-4376-A066-2A32D752A2FF}</UniqueIdentifier>
      <Extensions>cpp;c;cc;cxx;c++;cppm;ixx;def;odl;idl;hpj;bat;asm;asmx</Extensions>
    </Filter>
    <Filter Include="Main\.h">
      <UniqueIdentifier>{1931f102-7b53-44b5-a5a7-383f0a336d44}</UniqueIdentifier>
    </Filter>
    <Filter Include="Main\.cpp">
      <UniqueIdentifier>{0bfb55ba-64f1-4fed-bdd8-5fcaf759600d}</UniqueIdentifier>
    </Filter>
    <Filter Include="Renderer\.h">
      <UniqueIdentifier>{3b38139f-aae7-4f82-afe9-047c737d9bb7}</UniqueIdentifier>
    </Filter>
    <Filter Include="Renderer\.cpp">
      <UniqueIdentifier>{1bd91dd9-6aae-4aa1-8aea-1e0fdd7cbe31}</UniqueIdentifier>
    </Filter>
    <Filter Include="Renderer\Shader">
      <UniqueIdentifier>{35e2eb89-6fff-48f1-abdf-50b89e550c4f}</UniqueIdentifier>
    </Filter>
    <Filter Include="Component\.h">
      <UniqueIdentifier>{2dd7228d-6c68-47b9-b86f-ab166c3db949}</UniqueIdentifier>
    </Filter>
    <Filter Include="Component\.cpp">
      <UniqueIdentifier>{d3edfafe-69b6-4eb2-b0e9-959a6e9597fd}</UniqueIdentifier>
    </Filter>
  </ItemGroup>
  <ItemGroup>
    <ClInclude Include="ThirdParty\DirectXTK\Inc\DDS.h">
      <Filter>DirectXTK\Inc</Filter>
    </ClInclude>
    <ClInclude Include="ThirdParty\DirectXTK\Inc\DDSTextureLoader.h">
      <Filter>DirectXTK\Inc</Filter>
    </ClInclude>
    <ClInclude Include="ThirdParty\DirectXTK\Inc\DirectXHelpers.h">
      <Filter>DirectXTK\Inc</Filter>
    </ClInclude>
    <ClInclude Include="ThirdParty\DirectXTK\Inc\LoaderHelpers.h">
      <Filter>DirectXTK\Inc</Filter>
    </ClInclude>
    <ClInclude Include="ThirdParty\DirectXTK\Inc\pch.h">
      <Filter>DirectXTK\Inc</Filter>
    </ClInclude>
    <ClInclude Include="ThirdParty\DirectXTK\Inc\PlatformHelpers.h">
      <Filter>DirectXTK\Inc</Filter>
    </ClInclude>
    <ClInclude Include="ThirdParty\DirectXTK\Inc\SimpleMath.h">
      <Filter>DirectXTK\Inc</Filter>
    </ClInclude>
    <ClInclude Include="ThirdParty\DirectXTK\Inc\WICTextureLoader.h">
      <Filter>DirectXTK\Inc</Filter>
    </ClInclude>
    <ClInclude Include="ThirdParty\ImGui\Inc\imconfig.h">
      <Filter>ImGui\Inc</Filter>
    </ClInclude>
    <ClInclude Include="ThirdParty\ImGui\Inc\imgui.h">
      <Filter>ImGui\Inc</Filter>
    </ClInclude>
    <ClInclude Include="ThirdParty\ImGui\Inc\imgui_internal.h">
      <Filter>ImGui\Inc</Filter>
    </ClInclude>
    <ClInclude Include="ThirdParty\ImGui\Inc\imstb_rectpack.h">
      <Filter>ImGui\Inc</Filter>
    </ClInclude>
    <ClInclude Include="ThirdParty\ImGui\Inc\imstb_textedit.h">
      <Filter>ImGui\Inc</Filter>
    </ClInclude>
    <ClInclude Include="ThirdParty\ImGui\Inc\imstb_truetype.h">
      <Filter>ImGui\Inc</Filter>
    </ClInclude>
    <ClInclude Include="ThirdParty\ImGui\Inc\Backends\imgui_impl_dx11.h">
      <Filter>ImGui\Inc\Backends</Filter>
    </ClInclude>
    <ClInclude Include="ThirdParty\ImGui\Inc\Backends\imgui_impl_win32.h">
      <Filter>ImGui\Inc\Backends</Filter>
    </ClInclude>
    <ClInclude Include="Actor.h">
      <Filter>Main\.h</Filter>
    </ClInclude>
    <ClInclude Include="ComHelper.h">
      <Filter>Main\.h</Filter>
    </ClInclude>
    <ClInclude Include="DebugHelper.h">
      <Filter>Main\.h</Filter>
    </ClInclude>
    <ClInclude Include="GameCore.h">
      <Filter>Main\.h</Filter>
    </ClInclude>
    <ClInclude Include="IUIDrawable.h">
      <Filter>Main\.h</Filter>
    </ClInclude>
    <ClInclude Include="Renderer\ETypeForRenderer.h">
      <Filter>Renderer\.h</Filter>
    </ClInclude>
    <ClInclude Include="StringHelper.h">
      <Filter>Main\.h</Filter>
    </ClInclude>
    <ClInclude Include="Renderer\Material.h">
      <Filter>Renderer\.h</Filter>
    </ClInclude>
    <ClInclude Include="Renderer\Mesh.h">
      <Filter>Renderer\.h</Filter>
    </ClInclude>
    <ClInclude Include="Renderer\Renderer.h">
      <Filter>Renderer\.h</Filter>
    </ClInclude>
    <ClInclude Include="Renderer\Vertex.h">
      <Filter>Renderer\.h</Filter>
    </ClInclude>
    <ClInclude Include="Component\CameraComponent.h">
      <Filter>Component\.h</Filter>
    </ClInclude>
    <ClInclude Include="Component\CameraControllerComponent.h">
      <Filter>Component\.h</Filter>
    </ClInclude>
    <ClInclude Include="Component\Component.h">
      <Filter>Component\.h</Filter>
    </ClInclude>
    <ClInclude Include="Component\MeshComponent.h">
      <Filter>Component\.h</Filter>
    </ClInclude>
    <ClInclude Include="CommonDefs.h">
      <Filter>Main\.h</Filter>
    </ClInclude>
  </ItemGroup>
  <ItemGroup>
    <ClCompile Include="ThirdParty\DirectXTK\Src\DDSTextureLoader.cpp">
      <Filter>DirectXTK\Src</Filter>
    </ClCompile>
    <ClCompile Include="ThirdParty\DirectXTK\Src\SimpleMath.cpp">
      <Filter>DirectXTK\Src</Filter>
    </ClCompile>
    <ClCompile Include="ThirdParty\DirectXTK\Src\WICTextureLoader.cpp">
      <Filter>DirectXTK\Src</Filter>
    </ClCompile>
    <ClCompile Include="ThirdParty\ImGui\Src\imgui.cpp">
      <Filter>ImGui\Src</Filter>
    </ClCompile>
    <ClCompile Include="ThirdParty\ImGui\Src\imgui_demo.cpp">
      <Filter>ImGui\Src</Filter>
    </ClCompile>
    <ClCompile Include="ThirdParty\ImGui\Src\imgui_draw.cpp">
      <Filter>ImGui\Src</Filter>
    </ClCompile>
    <ClCompile Include="ThirdParty\ImGui\Src\imgui_tables.cpp">
      <Filter>ImGui\Src</Filter>
    </ClCompile>
    <ClCompile Include="ThirdParty\ImGui\Src\imgui_widgets.cpp">
      <Filter>ImGui\Src</Filter>
    </ClCompile>
    <ClCompile Include="ThirdParty\ImGui\Src\Backends\imgui_impl_dx11.cpp">
      <Filter>ImGui\Src\Backends</Filter>
    </ClCompile>
    <ClCompile Include="ThirdParty\ImGui\Src\Backends\imgui_impl_win32.cpp">
      <Filter>ImGui\Src\Backends</Filter>
    </ClCompile>
    <ClCompile Include="Actor.cpp">
      <Filter>Main\.cpp</Filter>
    </ClCompile>
    <ClCompile Include="DebugHelper.cpp">
      <Filter>Main\.cpp</Filter>
    </ClCompile>
    <ClCompile Include="GameCore.cpp">
      <Filter>Main\.cpp</Filter>
    </ClCompile>
    <ClCompile Include="Main.cpp">
      <Filter>Main\.cpp</Filter>
    </ClCompile>
    <ClCompile Include="Renderer\Material.cpp">
      <Filter>Renderer\.cpp</Filter>
    </ClCompile>
    <ClCompile Include="Renderer\Mesh.cpp">
      <Filter>Renderer\.cpp</Filter>
    </ClCompile>
    <ClCompile Include="Renderer\Renderer.cpp">
      <Filter>Renderer\.cpp</Filter>
    </ClCompile>
    <ClCompile Include="Component\MeshComponent.cpp">
      <Filter>Component\.cpp</Filter>
    </ClCompile>
    <ClCompile Include="Component\Component.cpp">
      <Filter>Component\.cpp</Filter>
    </ClCompile>
    <ClCompile Include="Component\CameraControllerComponent.cpp">
      <Filter>Component\.cpp</Filter>
    </ClCompile>
    <ClCompile Include="Component\CameraComponent.cpp">
      <Filter>Component\.cpp</Filter>
    </ClCompile>
  </ItemGroup>
  <ItemGroup>
    <None Include="ThirdParty\DirectXTK\Inc\SimpleMath.inl">
      <Filter>DirectXTK\Inc</Filter>
    </None>
    <None Include="ThirdParty\ImGui\Inc\imgui.natstepfilter">
      <Filter>ImGui\Inc</Filter>
    </None>
    <None Include="Renderer\Shaders\Basic.hlsli">
      <Filter>Renderer\Shader</Filter>
    </None>
  </ItemGroup>
  <ItemGroup>
    <FxCompile Include="Renderer\Shaders\PSBasic.hlsl">
      <Filter>Renderer\Shader</Filter>
    </FxCompile>
    <FxCompile Include="Renderer\Shaders\VSBasic.hlsl">
      <Filter>Renderer\Shader</Filter>
    </FxCompile>
  </ItemGroup>
  <ItemGroup>
    <Natvis Include="ThirdParty\ImGui\Inc\imgui.natvis">
      <Filter>ImGui\Inc</Filter>
    </Natvis>
  </ItemGroup>
</Project>